
Microsoft Visual Studio Solution File, Format Version 12.00
# Visual Studio 2013
VisualStudioVersion = 12.0.31101.0
MinimumVisualStudioVersion = 10.0.40219.1
Project("{FAE04EC0-301F-11D3-BF4B-00C04F79EFBC}") = "WOSUploader", "WOSUploader\WOSUploader.csproj", "{058772A0-FCE2-4960-9C18-E6B1311B7D89}"
EndProject
Project("{FAE04EC0-301F-11D3-BF4B-00C04F79EFBC}") = "WurmUtils", "WurmUtils\WurmUtils.csproj", "{0DB81851-3679-4D56-85D3-F695514A32C4}"
EndProject
Project("{FAE04EC0-301F-11D3-BF4B-00C04F79EFBC}") = "WurmTimer", "WurmTimer\WurmTimer.csproj", "{D3356FD5-1A72-4A36-B3E8-BBF25B751EAC}"
EndProject
Project("{FAE04EC0-301F-11D3-BF4B-00C04F79EFBC}") = "WurmDateUpdater", "WurmDateUpdater\WurmDateUpdater.csproj", "{CC5DBF5E-63C7-4515-957A-1769147DB775}"
EndProject
Project("{FAE04EC0-301F-11D3-BF4B-00C04F79EFBC}") = "SSHUploadScript", "SSHUploadScript\SSHUploadScript.csproj", "{2C423F43-9679-45D5-ABBA-6AEC72F46DA8}"
EndProject
Project("{FAE04EC0-301F-11D3-BF4B-00C04F79EFBC}") = "DAVUploadScript", "DAVUploadScript\DAVUploadScript.csproj", "{EB3B1557-AD43-4F21-B0C4-B86C0363F6AF}"
EndProject
Project("{FAE04EC0-301F-11D3-BF4B-00C04F79EFBC}") = "MiningRatio", "MiningRatio\MiningRatio.csproj", "{CDC7A404-3F2C-4D1F-8A4F-0C2B36B03D9D}"
EndProject
Project("{FAE04EC0-301F-11D3-BF4B-00C04F79EFBC}") = "ImproveTool", "ImproveTool\ImproveTool.csproj", "{BE9595A7-C97C-460C-89CA-340E40EA1CE0}"
EndProject
Project("{FAE04EC0-301F-11D3-BF4B-00C04F79EFBC}") = "AnalyzeTool", "AnalyzeTool\AnalyzeTool.csproj", "{78C87060-536B-4C19-83BB-AA8AF68D8492}"
EndProject
Global
	GlobalSection(SolutionConfigurationPlatforms) = preSolution
		Debug|Any CPU = Debug|Any CPU
		Debug|Mixed Platforms = Debug|Mixed Platforms
		Debug|x86 = Debug|x86
		NUnit-Debug|Any CPU = NUnit-Debug|Any CPU
		NUnit-Debug|Mixed Platforms = NUnit-Debug|Mixed Platforms
		NUnit-Debug|x86 = NUnit-Debug|x86
		NUnit-Release|Any CPU = NUnit-Release|Any CPU
		NUnit-Release|Mixed Platforms = NUnit-Release|Mixed Platforms
		NUnit-Release|x86 = NUnit-Release|x86
		Release|Any CPU = Release|Any CPU
		Release|Mixed Platforms = Release|Mixed Platforms
		Release|x86 = Release|x86
	EndGlobalSection
	GlobalSection(ProjectConfigurationPlatforms) = postSolution
		{058772A0-FCE2-4960-9C18-E6B1311B7D89}.Debug|Any CPU.ActiveCfg = Debug|x86
		{058772A0-FCE2-4960-9C18-E6B1311B7D89}.Debug|Mixed Platforms.ActiveCfg = Debug|x86
		{058772A0-FCE2-4960-9C18-E6B1311B7D89}.Debug|Mixed Platforms.Build.0 = Debug|x86
		{058772A0-FCE2-4960-9C18-E6B1311B7D89}.Debug|x86.ActiveCfg = Debug|x86
		{058772A0-FCE2-4960-9C18-E6B1311B7D89}.Debug|x86.Build.0 = Debug|x86
		{058772A0-FCE2-4960-9C18-E6B1311B7D89}.NUnit-Debug|Any CPU.ActiveCfg = NUnit-Debug|x86
		{058772A0-FCE2-4960-9C18-E6B1311B7D89}.NUnit-Debug|Mixed Platforms.ActiveCfg = NUnit-Debug|x86
		{058772A0-FCE2-4960-9C18-E6B1311B7D89}.NUnit-Debug|Mixed Platforms.Build.0 = NUnit-Debug|x86
		{058772A0-FCE2-4960-9C18-E6B1311B7D89}.NUnit-Debug|x86.ActiveCfg = NUnit-Debug|x86
		{058772A0-FCE2-4960-9C18-E6B1311B7D89}.NUnit-Debug|x86.Build.0 = NUnit-Debug|x86
		{058772A0-FCE2-4960-9C18-E6B1311B7D89}.NUnit-Release|Any CPU.ActiveCfg = NUnit-Release|x86
		{058772A0-FCE2-4960-9C18-E6B1311B7D89}.NUnit-Release|Mixed Platforms.ActiveCfg = NUnit-Release|x86
		{058772A0-FCE2-4960-9C18-E6B1311B7D89}.NUnit-Release|Mixed Platforms.Build.0 = NUnit-Release|x86
		{058772A0-FCE2-4960-9C18-E6B1311B7D89}.NUnit-Release|x86.ActiveCfg = NUnit-Release|x86
		{058772A0-FCE2-4960-9C18-E6B1311B7D89}.NUnit-Release|x86.Build.0 = NUnit-Release|x86
		{058772A0-FCE2-4960-9C18-E6B1311B7D89}.Release|Any CPU.ActiveCfg = Release|x86
		{058772A0-FCE2-4960-9C18-E6B1311B7D89}.Release|Mixed Platforms.ActiveCfg = Release|x86
		{058772A0-FCE2-4960-9C18-E6B1311B7D89}.Release|Mixed Platforms.Build.0 = Release|x86
		{058772A0-FCE2-4960-9C18-E6B1311B7D89}.Release|x86.ActiveCfg = Release|x86
		{058772A0-FCE2-4960-9C18-E6B1311B7D89}.Release|x86.Build.0 = Release|x86
		{0DB81851-3679-4D56-85D3-F695514A32C4}.Debug|Any CPU.ActiveCfg = Debug|Any CPU
		{0DB81851-3679-4D56-85D3-F695514A32C4}.Debug|Any CPU.Build.0 = Debug|Any CPU
		{0DB81851-3679-4D56-85D3-F695514A32C4}.Debug|Mixed Platforms.ActiveCfg = Debug|Any CPU
		{0DB81851-3679-4D56-85D3-F695514A32C4}.Debug|Mixed Platforms.Build.0 = Debug|Any CPU
		{0DB81851-3679-4D56-85D3-F695514A32C4}.Debug|x86.ActiveCfg = Debug|Any CPU
		{0DB81851-3679-4D56-85D3-F695514A32C4}.NUnit-Debug|Any CPU.ActiveCfg = NUnit-Debug|Any CPU
		{0DB81851-3679-4D56-85D3-F695514A32C4}.NUnit-Debug|Any CPU.Build.0 = NUnit-Debug|Any CPU
		{0DB81851-3679-4D56-85D3-F695514A32C4}.NUnit-Debug|Mixed Platforms.ActiveCfg = NUnit-Debug|Any CPU
		{0DB81851-3679-4D56-85D3-F695514A32C4}.NUnit-Debug|Mixed Platforms.Build.0 = NUnit-Debug|Any CPU
		{0DB81851-3679-4D56-85D3-F695514A32C4}.NUnit-Debug|x86.ActiveCfg = NUnit-Debug|Any CPU
		{0DB81851-3679-4D56-85D3-F695514A32C4}.NUnit-Release|Any CPU.ActiveCfg = NUnit-Release|Any CPU
		{0DB81851-3679-4D56-85D3-F695514A32C4}.NUnit-Release|Any CPU.Build.0 = NUnit-Release|Any CPU
		{0DB81851-3679-4D56-85D3-F695514A32C4}.NUnit-Release|Mixed Platforms.ActiveCfg = NUnit-Release|Any CPU
		{0DB81851-3679-4D56-85D3-F695514A32C4}.NUnit-Release|Mixed Platforms.Build.0 = NUnit-Release|Any CPU
		{0DB81851-3679-4D56-85D3-F695514A32C4}.NUnit-Release|x86.ActiveCfg = NUnit-Release|Any CPU
		{0DB81851-3679-4D56-85D3-F695514A32C4}.Release|Any CPU.ActiveCfg = Release|Any CPU
		{0DB81851-3679-4D56-85D3-F695514A32C4}.Release|Any CPU.Build.0 = Release|Any CPU
		{0DB81851-3679-4D56-85D3-F695514A32C4}.Release|Mixed Platforms.ActiveCfg = Release|Any CPU
		{0DB81851-3679-4D56-85D3-F695514A32C4}.Release|Mixed Platforms.Build.0 = Release|Any CPU
		{0DB81851-3679-4D56-85D3-F695514A32C4}.Release|x86.ActiveCfg = Release|Any CPU
		{D3356FD5-1A72-4A36-B3E8-BBF25B751EAC}.Debug|Any CPU.ActiveCfg = Debug|x86
		{D3356FD5-1A72-4A36-B3E8-BBF25B751EAC}.Debug|Mixed Platforms.ActiveCfg = Debug|x86
		{D3356FD5-1A72-4A36-B3E8-BBF25B751EAC}.Debug|x86.ActiveCfg = Debug|x86
		{D3356FD5-1A72-4A36-B3E8-BBF25B751EAC}.Debug|x86.Build.0 = Debug|x86
		{D3356FD5-1A72-4A36-B3E8-BBF25B751EAC}.NUnit-Debug|Any CPU.ActiveCfg = NUnit-Debug|x86
		{D3356FD5-1A72-4A36-B3E8-BBF25B751EAC}.NUnit-Debug|Mixed Platforms.ActiveCfg = NUnit-Debug|x86
		{D3356FD5-1A72-4A36-B3E8-BBF25B751EAC}.NUnit-Debug|Mixed Platforms.Build.0 = NUnit-Debug|x86
		{D3356FD5-1A72-4A36-B3E8-BBF25B751EAC}.NUnit-Debug|x86.ActiveCfg = NUnit-Debug|x86
		{D3356FD5-1A72-4A36-B3E8-BBF25B751EAC}.NUnit-Debug|x86.Build.0 = NUnit-Debug|x86
		{D3356FD5-1A72-4A36-B3E8-BBF25B751EAC}.NUnit-Release|Any CPU.ActiveCfg = NUnit-Release|x86
		{D3356FD5-1A72-4A36-B3E8-BBF25B751EAC}.NUnit-Release|Mixed Platforms.ActiveCfg = NUnit-Release|x86
		{D3356FD5-1A72-4A36-B3E8-BBF25B751EAC}.NUnit-Release|Mixed Platforms.Build.0 = NUnit-Release|x86
		{D3356FD5-1A72-4A36-B3E8-BBF25B751EAC}.NUnit-Release|x86.ActiveCfg = NUnit-Release|x86
		{D3356FD5-1A72-4A36-B3E8-BBF25B751EAC}.NUnit-Release|x86.Build.0 = NUnit-Release|x86
		{D3356FD5-1A72-4A36-B3E8-BBF25B751EAC}.Release|Any CPU.ActiveCfg = Release|x86
		{D3356FD5-1A72-4A36-B3E8-BBF25B751EAC}.Release|Mixed Platforms.ActiveCfg = Release|x86
		{D3356FD5-1A72-4A36-B3E8-BBF25B751EAC}.Release|x86.ActiveCfg = Release|x86
		{D3356FD5-1A72-4A36-B3E8-BBF25B751EAC}.Release|x86.Build.0 = Release|x86
		{CC5DBF5E-63C7-4515-957A-1769147DB775}.Debug|Any CPU.ActiveCfg = Debug|x86
		{CC5DBF5E-63C7-4515-957A-1769147DB775}.Debug|Mixed Platforms.ActiveCfg = Debug|x86
		{CC5DBF5E-63C7-4515-957A-1769147DB775}.Debug|Mixed Platforms.Build.0 = Debug|x86
		{CC5DBF5E-63C7-4515-957A-1769147DB775}.Debug|x86.ActiveCfg = Debug|x86
		{CC5DBF5E-63C7-4515-957A-1769147DB775}.Debug|x86.Build.0 = Debug|x86
		{CC5DBF5E-63C7-4515-957A-1769147DB775}.NUnit-Debug|Any CPU.ActiveCfg = NUnit-Debug|x86
		{CC5DBF5E-63C7-4515-957A-1769147DB775}.NUnit-Debug|Mixed Platforms.ActiveCfg = NUnit-Debug|x86
		{CC5DBF5E-63C7-4515-957A-1769147DB775}.NUnit-Debug|Mixed Platforms.Build.0 = NUnit-Debug|x86
		{CC5DBF5E-63C7-4515-957A-1769147DB775}.NUnit-Debug|x86.ActiveCfg = NUnit-Debug|x86
		{CC5DBF5E-63C7-4515-957A-1769147DB775}.NUnit-Debug|x86.Build.0 = NUnit-Debug|x86
		{CC5DBF5E-63C7-4515-957A-1769147DB775}.NUnit-Release|Any CPU.ActiveCfg = NUnit-Release|x86
		{CC5DBF5E-63C7-4515-957A-1769147DB775}.NUnit-Release|Mixed Platforms.ActiveCfg = NUnit-Release|x86
		{CC5DBF5E-63C7-4515-957A-1769147DB775}.NUnit-Release|Mixed Platforms.Build.0 = NUnit-Release|x86
		{CC5DBF5E-63C7-4515-957A-1769147DB775}.NUnit-Release|x86.ActiveCfg = NUnit-Release|x86
		{CC5DBF5E-63C7-4515-957A-1769147DB775}.NUnit-Release|x86.Build.0 = NUnit-Release|x86
		{CC5DBF5E-63C7-4515-957A-1769147DB775}.Release|Any CPU.ActiveCfg = Release|x86
		{CC5DBF5E-63C7-4515-957A-1769147DB775}.Release|Mixed Platforms.ActiveCfg = Release|x86
		{CC5DBF5E-63C7-4515-957A-1769147DB775}.Release|Mixed Platforms.Build.0 = Release|x86
		{CC5DBF5E-63C7-4515-957A-1769147DB775}.Release|x86.ActiveCfg = Release|x86
		{CC5DBF5E-63C7-4515-957A-1769147DB775}.Release|x86.Build.0 = Release|x86
		{2C423F43-9679-45D5-ABBA-6AEC72F46DA8}.Debug|Any CPU.ActiveCfg = Debug|x86
		{2C423F43-9679-45D5-ABBA-6AEC72F46DA8}.Debug|Mixed Platforms.ActiveCfg = Debug|x86
		{2C423F43-9679-45D5-ABBA-6AEC72F46DA8}.Debug|Mixed Platforms.Build.0 = Debug|x86
		{2C423F43-9679-45D5-ABBA-6AEC72F46DA8}.Debug|x86.ActiveCfg = Debug|x86
		{2C423F43-9679-45D5-ABBA-6AEC72F46DA8}.Debug|x86.Build.0 = Debug|x86
		{2C423F43-9679-45D5-ABBA-6AEC72F46DA8}.NUnit-Debug|Any CPU.ActiveCfg = NUnit-Debug|x86
		{2C423F43-9679-45D5-ABBA-6AEC72F46DA8}.NUnit-Debug|Mixed Platforms.ActiveCfg = NUnit-Debug|x86
		{2C423F43-9679-45D5-ABBA-6AEC72F46DA8}.NUnit-Debug|Mixed Platforms.Build.0 = NUnit-Debug|x86
		{2C423F43-9679-45D5-ABBA-6AEC72F46DA8}.NUnit-Debug|x86.ActiveCfg = NUnit-Debug|x86
		{2C423F43-9679-45D5-ABBA-6AEC72F46DA8}.NUnit-Debug|x86.Build.0 = NUnit-Debug|x86
		{2C423F43-9679-45D5-ABBA-6AEC72F46DA8}.NUnit-Release|Any CPU.ActiveCfg = NUnit-Release|x86
		{2C423F43-9679-45D5-ABBA-6AEC72F46DA8}.NUnit-Release|Mixed Platforms.ActiveCfg = NUnit-Release|x86
		{2C423F43-9679-45D5-ABBA-6AEC72F46DA8}.NUnit-Release|Mixed Platforms.Build.0 = NUnit-Release|x86
		{2C423F43-9679-45D5-ABBA-6AEC72F46DA8}.NUnit-Release|x86.ActiveCfg = NUnit-Release|x86
		{2C423F43-9679-45D5-ABBA-6AEC72F46DA8}.NUnit-Release|x86.Build.0 = NUnit-Release|x86
		{2C423F43-9679-45D5-ABBA-6AEC72F46DA8}.Release|Any CPU.ActiveCfg = Release|x86
		{2C423F43-9679-45D5-ABBA-6AEC72F46DA8}.Release|Mixed Platforms.ActiveCfg = Release|x86
		{2C423F43-9679-45D5-ABBA-6AEC72F46DA8}.Release|Mixed Platforms.Build.0 = Release|x86
		{2C423F43-9679-45D5-ABBA-6AEC72F46DA8}.Release|x86.ActiveCfg = Release|x86
		{2C423F43-9679-45D5-ABBA-6AEC72F46DA8}.Release|x86.Build.0 = Release|x86
		{EB3B1557-AD43-4F21-B0C4-B86C0363F6AF}.Debug|Any CPU.ActiveCfg = Debug|x86
		{EB3B1557-AD43-4F21-B0C4-B86C0363F6AF}.Debug|Mixed Platforms.ActiveCfg = Debug|x86
		{EB3B1557-AD43-4F21-B0C4-B86C0363F6AF}.Debug|Mixed Platforms.Build.0 = Debug|x86
		{EB3B1557-AD43-4F21-B0C4-B86C0363F6AF}.Debug|x86.ActiveCfg = Debug|x86
		{EB3B1557-AD43-4F21-B0C4-B86C0363F6AF}.Debug|x86.Build.0 = Debug|x86
		{EB3B1557-AD43-4F21-B0C4-B86C0363F6AF}.NUnit-Debug|Any CPU.ActiveCfg = NUnit-Debug|x86
		{EB3B1557-AD43-4F21-B0C4-B86C0363F6AF}.NUnit-Debug|Mixed Platforms.ActiveCfg = NUnit-Debug|x86
		{EB3B1557-AD43-4F21-B0C4-B86C0363F6AF}.NUnit-Debug|Mixed Platforms.Build.0 = NUnit-Debug|x86
		{EB3B1557-AD43-4F21-B0C4-B86C0363F6AF}.NUnit-Debug|x86.ActiveCfg = NUnit-Debug|x86
		{EB3B1557-AD43-4F21-B0C4-B86C0363F6AF}.NUnit-Debug|x86.Build.0 = NUnit-Debug|x86
		{EB3B1557-AD43-4F21-B0C4-B86C0363F6AF}.NUnit-Release|Any CPU.ActiveCfg = NUnit-Release|x86
		{EB3B1557-AD43-4F21-B0C4-B86C0363F6AF}.NUnit-Release|Mixed Platforms.ActiveCfg = NUnit-Release|x86
		{EB3B1557-AD43-4F21-B0C4-B86C0363F6AF}.NUnit-Release|Mixed Platforms.Build.0 = NUnit-Release|x86
		{EB3B1557-AD43-4F21-B0C4-B86C0363F6AF}.NUnit-Release|x86.ActiveCfg = NUnit-Release|x86
		{EB3B1557-AD43-4F21-B0C4-B86C0363F6AF}.NUnit-Release|x86.Build.0 = NUnit-Release|x86
		{EB3B1557-AD43-4F21-B0C4-B86C0363F6AF}.Release|Any CPU.ActiveCfg = Release|x86
		{EB3B1557-AD43-4F21-B0C4-B86C0363F6AF}.Release|Mixed Platforms.ActiveCfg = Release|x86
		{EB3B1557-AD43-4F21-B0C4-B86C0363F6AF}.Release|Mixed Platforms.Build.0 = Release|x86
		{EB3B1557-AD43-4F21-B0C4-B86C0363F6AF}.Release|x86.ActiveCfg = Release|x86
		{EB3B1557-AD43-4F21-B0C4-B86C0363F6AF}.Release|x86.Build.0 = Release|x86
		{CDC7A404-3F2C-4D1F-8A4F-0C2B36B03D9D}.Debug|Any CPU.ActiveCfg = Debug|x86
		{CDC7A404-3F2C-4D1F-8A4F-0C2B36B03D9D}.Debug|Mixed Platforms.ActiveCfg = Debug|x86
		{CDC7A404-3F2C-4D1F-8A4F-0C2B36B03D9D}.Debug|Mixed Platforms.Build.0 = Debug|x86
		{CDC7A404-3F2C-4D1F-8A4F-0C2B36B03D9D}.Debug|x86.ActiveCfg = Debug|x86
		{CDC7A404-3F2C-4D1F-8A4F-0C2B36B03D9D}.Debug|x86.Build.0 = Debug|x86
		{CDC7A404-3F2C-4D1F-8A4F-0C2B36B03D9D}.NUnit-Debug|Any CPU.ActiveCfg = NUnit-Debug|x86
		{CDC7A404-3F2C-4D1F-8A4F-0C2B36B03D9D}.NUnit-Debug|Mixed Platforms.ActiveCfg = NUnit-Debug|x86
		{CDC7A404-3F2C-4D1F-8A4F-0C2B36B03D9D}.NUnit-Debug|Mixed Platforms.Build.0 = NUnit-Debug|x86
		{CDC7A404-3F2C-4D1F-8A4F-0C2B36B03D9D}.NUnit-Debug|x86.ActiveCfg = NUnit-Debug|x86
		{CDC7A404-3F2C-4D1F-8A4F-0C2B36B03D9D}.NUnit-Debug|x86.Build.0 = NUnit-Debug|x86
		{CDC7A404-3F2C-4D1F-8A4F-0C2B36B03D9D}.NUnit-Release|Any CPU.ActiveCfg = NUnit-Release|x86
		{CDC7A404-3F2C-4D1F-8A4F-0C2B36B03D9D}.NUnit-Release|Mixed Platforms.ActiveCfg = NUnit-Release|x86
		{CDC7A404-3F2C-4D1F-8A4F-0C2B36B03D9D}.NUnit-Release|Mixed Platforms.Build.0 = NUnit-Release|x86
		{CDC7A404-3F2C-4D1F-8A4F-0C2B36B03D9D}.NUnit-Release|x86.ActiveCfg = NUnit-Release|x86
		{CDC7A404-3F2C-4D1F-8A4F-0C2B36B03D9D}.NUnit-Release|x86.Build.0 = NUnit-Release|x86
		{CDC7A404-3F2C-4D1F-8A4F-0C2B36B03D9D}.Release|Any CPU.ActiveCfg = Release|x86
		{CDC7A404-3F2C-4D1F-8A4F-0C2B36B03D9D}.Release|Mixed Platforms.ActiveCfg = Release|x86
		{CDC7A404-3F2C-4D1F-8A4F-0C2B36B03D9D}.Release|Mixed Platforms.Build.0 = Release|x86
		{CDC7A404-3F2C-4D1F-8A4F-0C2B36B03D9D}.Release|x86.ActiveCfg = Release|x86
		{CDC7A404-3F2C-4D1F-8A4F-0C2B36B03D9D}.Release|x86.Build.0 = Release|x86
		{BE9595A7-C97C-460C-89CA-340E40EA1CE0}.Debug|Any CPU.ActiveCfg = Debug|x86
		{BE9595A7-C97C-460C-89CA-340E40EA1CE0}.Debug|Mixed Platforms.ActiveCfg = Debug|x86
		{BE9595A7-C97C-460C-89CA-340E40EA1CE0}.Debug|Mixed Platforms.Build.0 = Debug|x86
		{BE9595A7-C97C-460C-89CA-340E40EA1CE0}.Debug|x86.ActiveCfg = Debug|x86
		{BE9595A7-C97C-460C-89CA-340E40EA1CE0}.Debug|x86.Build.0 = Debug|x86
		{BE9595A7-C97C-460C-89CA-340E40EA1CE0}.NUnit-Debug|Any CPU.ActiveCfg = NUnit-Debug|x86
		{BE9595A7-C97C-460C-89CA-340E40EA1CE0}.NUnit-Debug|Mixed Platforms.ActiveCfg = NUnit-Debug|x86
		{BE9595A7-C97C-460C-89CA-340E40EA1CE0}.NUnit-Debug|Mixed Platforms.Build.0 = NUnit-Debug|x86
		{BE9595A7-C97C-460C-89CA-340E40EA1CE0}.NUnit-Debug|x86.ActiveCfg = NUnit-Debug|x86
		{BE9595A7-C97C-460C-89CA-340E40EA1CE0}.NUnit-Debug|x86.Build.0 = NUnit-Debug|x86
		{BE9595A7-C97C-460C-89CA-340E40EA1CE0}.NUnit-Release|Any CPU.ActiveCfg = NUnit-Release|x86
		{BE9595A7-C97C-460C-89CA-340E40EA1CE0}.NUnit-Release|Mixed Platforms.ActiveCfg = NUnit-Release|x86
		{BE9595A7-C97C-460C-89CA-340E40EA1CE0}.NUnit-Release|Mixed Platforms.Build.0 = NUnit-Release|x86
		{BE9595A7-C97C-460C-89CA-340E40EA1CE0}.NUnit-Release|x86.ActiveCfg = NUnit-Release|x86
		{BE9595A7-C97C-460C-89CA-340E40EA1CE0}.NUnit-Release|x86.Build.0 = NUnit-Release|x86
		{BE9595A7-C97C-460C-89CA-340E40EA1CE0}.Release|Any CPU.ActiveCfg = Release|x86
		{BE9595A7-C97C-460C-89CA-340E40EA1CE0}.Release|Mixed Platforms.ActiveCfg = Release|x86
		{BE9595A7-C97C-460C-89CA-340E40EA1CE0}.Release|Mixed Platforms.Build.0 = Release|x86
		{BE9595A7-C97C-460C-89CA-340E40EA1CE0}.Release|x86.ActiveCfg = Release|x86
		{BE9595A7-C97C-460C-89CA-340E40EA1CE0}.Release|x86.Build.0 = Release|x86
		{78C87060-536B-4C19-83BB-AA8AF68D8492}.Debug|Any CPU.ActiveCfg = Debug|Any CPU
		{78C87060-536B-4C19-83BB-AA8AF68D8492}.Debug|Any CPU.Build.0 = Debug|Any CPU
		{78C87060-536B-4C19-83BB-AA8AF68D8492}.Debug|Mixed Platforms.ActiveCfg = Debug|Any CPU
		{78C87060-536B-4C19-83BB-AA8AF68D8492}.Debug|Mixed Platforms.Build.0 = Debug|Any CPU
		{78C87060-536B-4C19-83BB-AA8AF68D8492}.Debug|x86.ActiveCfg = Debug|Any CPU
		{78C87060-536B-4C19-83BB-AA8AF68D8492}.NUnit-Debug|Any CPU.ActiveCfg = NUnit-Debug|Any CPU
		{78C87060-536B-4C19-83BB-AA8AF68D8492}.NUnit-Debug|Any CPU.Build.0 = NUnit-Debug|Any CPU
		{78C87060-536B-4C19-83BB-AA8AF68D8492}.NUnit-Debug|Mixed Platforms.ActiveCfg = NUnit-Debug|Any CPU
		{78C87060-536B-4C19-83BB-AA8AF68D8492}.NUnit-Debug|Mixed Platforms.Build.0 = NUnit-Debug|Any CPU
		{78C87060-536B-4C19-83BB-AA8AF68D8492}.NUnit-Debug|x86.ActiveCfg = NUnit-Debug|Any CPU
		{78C87060-536B-4C19-83BB-AA8AF68D8492}.NUnit-Release|Any CPU.ActiveCfg = NUnit-Release|Any CPU
		{78C87060-536B-4C19-83BB-AA8AF68D8492}.NUnit-Release|Any CPU.Build.0 = NUnit-Release|Any CPU
		{78C87060-536B-4C19-83BB-AA8AF68D8492}.NUnit-Release|Mixed Platforms.ActiveCfg = NUnit-Release|Any CPU
		{78C87060-536B-4C19-83BB-AA8AF68D8492}.NUnit-Release|Mixed Platforms.Build.0 = NUnit-Release|Any CPU
		{78C87060-536B-4C19-83BB-AA8AF68D8492}.NUnit-Release|x86.ActiveCfg = NUnit-Release|Any CPU
		{78C87060-536B-4C19-83BB-AA8AF68D8492}.Release|Any CPU.ActiveCfg = Release|Any CPU
		{78C87060-536B-4C19-83BB-AA8AF68D8492}.Release|Any CPU.Build.0 = Release|Any CPU
		{78C87060-536B-4C19-83BB-AA8AF68D8492}.Release|Mixed Platforms.ActiveCfg = Release|Any CPU
		{78C87060-536B-4C19-83BB-AA8AF68D8492}.Release|Mixed Platforms.Build.0 = Release|Any CPU
		{78C87060-536B-4C19-83BB-AA8AF68D8492}.Release|x86.ActiveCfg = Release|Any CPU
	EndGlobalSection
	GlobalSection(SolutionProperties) = preSolution
		HideSolutionNode = FALSE
	EndGlobalSection
EndGlobal
